
Microsoft Visual Studio Solution File, Format Version 12.00
# Visual Studio Version 17
VisualStudioVersion = 17.10.34928.147
MinimumVisualStudioVersion = 10.0.40219.1
Project("{FAE04EC0-301F-11D3-BF4B-00C04F79EFBC}") = "InheritanceApp2", "InheritanceApp2\InheritanceApp2.csproj", "{90A69E31-78C5-4920-BBAF-4938DB3E0C0C}"
EndProject
Global
	GlobalSection(SolutionConfigurationPlatforms) = preSolution
		Debug|Any CPU = Debug|Any CPU
		Release|Any CPU = Release|Any CPU
	EndGlobalSection
	GlobalSection(ProjectConfigurationPlatforms) = postSolution
		{90A69E31-78C5-4920-BBAF-4938DB3E0C0C}.Debug|Any CPU.ActiveCfg = Debug|Any CPU
		{90A69E31-78C5-4920-BBAF-4938DB3E0C0C}.Debug|Any CPU.Build.0 = Debug|Any CPU
		{90A69E31-78C5-4920-BBAF-4938DB3E0C0C}.Release|Any CPU.ActiveCfg = Release|Any CPU
		{90A69E31-78C5-4920-BBAF-4938DB3E0C0C}.Release|Any CPU.Build.0 = Release|Any CPU
	EndGlobalSection
	GlobalSection(SolutionProperties) = preSolution
		HideSolutionNode = FALSE
	EndGlobalSection
	GlobalSection(ExtensibilityGlobals) = postSolution
		SolutionGuid = {EFE8AB30-D928-4A70-B31E-396DEA234B7B}
	EndGlobalSection
EndGlobal
