
Microsoft Visual Studio Solution File, Format Version 12.00
# Visual Studio Version 17
VisualStudioVersion = 17.10.34928.147
MinimumVisualStudioVersion = 10.0.40219.1
Project("{FAE04EC0-301F-11D3-BF4B-00C04F79EFBC}") = "MyQuizApp", "MyQuizApp\MyQuizApp.csproj", "{987C0E49-F6BC-479B-B32B-350BAD19D6D1}"
EndProject
Global
	GlobalSection(SolutionConfigurationPlatforms) = preSolution
		Debug|Any CPU = Debug|Any CPU
		Release|Any CPU = Release|Any CPU
	EndGlobalSection
	GlobalSection(ProjectConfigurationPlatforms) = postSolution
		{987C0E49-F6BC-479B-B32B-350BAD19D6D1}.Debug|Any CPU.ActiveCfg = Debug|Any CPU
		{987C0E49-F6BC-479B-B32B-350BAD19D6D1}.Debug|Any CPU.Build.0 = Debug|Any CPU
		{987C0E49-F6BC-479B-B32B-350BAD19D6D1}.Release|Any CPU.ActiveCfg = Release|Any CPU
		{987C0E49-F6BC-479B-B32B-350BAD19D6D1}.Release|Any CPU.Build.0 = Release|Any CPU
	EndGlobalSection
	GlobalSection(SolutionProperties) = preSolution
		HideSolutionNode = FALSE
	EndGlobalSection
	GlobalSection(ExtensibilityGlobals) = postSolution
		SolutionGuid = {E675C6B9-B889-47E3-B84B-A1C7367C4FAD}
	EndGlobalSection
EndGlobal
