
Microsoft Visual Studio Solution File, Format Version 12.00
# Visual Studio Version 17
VisualStudioVersion = 17.10.34928.147
MinimumVisualStudioVersion = 10.0.40219.1
Project("{FAE04EC0-301F-11D3-BF4B-00C04F79EFBC}") = "TryCatchException", "TryCatchException\TryCatchException.csproj", "{28287596-B5EA-4EE2-B273-3D2106F42BE5}"
EndProject
Global
	GlobalSection(SolutionConfigurationPlatforms) = preSolution
		Debug|Any CPU = Debug|Any CPU
		Release|Any CPU = Release|Any CPU
	EndGlobalSection
	GlobalSection(ProjectConfigurationPlatforms) = postSolution
		{28287596-B5EA-4EE2-B273-3D2106F42BE5}.Debug|Any CPU.ActiveCfg = Debug|Any CPU
		{28287596-B5EA-4EE2-B273-3D2106F42BE5}.Debug|Any CPU.Build.0 = Debug|Any CPU
		{28287596-B5EA-4EE2-B273-3D2106F42BE5}.Release|Any CPU.ActiveCfg = Release|Any CPU
		{28287596-B5EA-4EE2-B273-3D2106F42BE5}.Release|Any CPU.Build.0 = Release|Any CPU
	EndGlobalSection
	GlobalSection(SolutionProperties) = preSolution
		HideSolutionNode = FALSE
	EndGlobalSection
	GlobalSection(ExtensibilityGlobals) = postSolution
		SolutionGuid = {28ED09F0-29FA-4829-A26F-AC61572183B2}
	EndGlobalSection
EndGlobal
